
Microsoft Visual Studio Solution File, Format Version 12.00
# Visual Studio 15
VisualStudioVersion = 15.0.27130.2026
MinimumVisualStudioVersion = 10.0.40219.1
Project("{FAE04EC0-301F-11D3-BF4B-00C04F79EFBC}") = "AutoBitBot.UI.MainApp", "AutoBitBot.UI.MainApp\AutoBitBot.UI.MainApp.csproj", "{29A6CD8A-27BE-45B2-88E3-67FF3B7F03B9}"
EndProject
Project("{FAE04EC0-301F-11D3-BF4B-00C04F79EFBC}") = "AutoBitBot.Infrastructure", "AutoBitBot.Infrastructure\AutoBitBot.Infrastructure.csproj", "{588870FF-1117-4DD7-AF92-E5EB653F93BF}"
EndProject
Project("{FAE04EC0-301F-11D3-BF4B-00C04F79EFBC}") = "AutoBitBot.BittrexProxy", "AutoBitBot.BittrexProxy\AutoBitBot.BittrexProxy.csproj", "{CF48750D-7FC6-4271-BE14-6F34F0B966EE}"
EndProject
Project("{FAE04EC0-301F-11D3-BF4B-00C04F79EFBC}") = "AutoBitBot.ServerEngine", "AutoBitBot.ServerEngine\AutoBitBot.ServerEngine.csproj", "{90A542CD-1F99-4F3A-9052-496546349799}"
EndProject
Project("{FAE04EC0-301F-11D3-BF4B-00C04F79EFBC}") = "AutoBitBot.Data", "AutoBitBot.Data\AutoBitBot.Data.csproj", "{EA04E750-1BC4-475D-A801-EA03DB3E9291}"
EndProject
Project("{FAE04EC0-301F-11D3-BF4B-00C04F79EFBC}") = "AutoBitBot.UI", "AutoBitBot.UI\AutoBitBot.UI.csproj", "{D58D7907-DDC8-4B40-A0F0-D20FAFD96434}"
EndProject
Project("{FAE04EC0-301F-11D3-BF4B-00C04F79EFBC}") = "AutoBitBot.Adapters", "AutoBitBot.Adapters\AutoBitBot.Adapters.csproj", "{DBE61B8F-EA9F-4726-8E04-9893F49D4B79}"
EndProject
Project("{FAE04EC0-301F-11D3-BF4B-00C04F79EFBC}") = "AutoBitBot.PoloniexProxy", "AutoBitBot.PoloniexProxy\AutoBitBot.PoloniexProxy.csproj", "{08E103B7-8FDB-4ACF-9881-DF90BA707912}"
EndProject
Project("{2150E333-8FDC-42A3-9474-1A3956D46DE8}") = "Proxies", "Proxies", "{740A2292-86D3-4701-BC40-313EA2371194}"
EndProject
Project("{2150E333-8FDC-42A3-9474-1A3956D46DE8}") = "UI", "UI", "{EB7831ED-4B37-4AD9-8FA4-ACD40A5DDD70}"
EndProject
Project("{2150E333-8FDC-42A3-9474-1A3956D46DE8}") = "Server", "Server", "{FCBF3BC4-699E-4373-B5CB-AFE9770551DF}"
EndProject
Project("{2150E333-8FDC-42A3-9474-1A3956D46DE8}") = "Unloaded", "Unloaded", "{8C6127FB-C718-4510-9FE4-D948E3DAB22B}"
EndProject
Project("{FAE04EC0-301F-11D3-BF4B-00C04F79EFBC}") = "AutoBitBot.LicensingServiceApp", "AutoBitBot.LicensingServiceApp\AutoBitBot.LicensingServiceApp.csproj", "{D9835B06-601B-49DA-9FBB-38B26F5D4DB4}"
EndProject
Global
	GlobalSection(SolutionConfigurationPlatforms) = preSolution
		Debug|Any CPU = Debug|Any CPU
		Release|Any CPU = Release|Any CPU
	EndGlobalSection
	GlobalSection(ProjectConfigurationPlatforms) = postSolution
		{29A6CD8A-27BE-45B2-88E3-67FF3B7F03B9}.Debug|Any CPU.ActiveCfg = Debug|Any CPU
		{29A6CD8A-27BE-45B2-88E3-67FF3B7F03B9}.Debug|Any CPU.Build.0 = Debug|Any CPU
		{29A6CD8A-27BE-45B2-88E3-67FF3B7F03B9}.Release|Any CPU.ActiveCfg = Release|Any CPU
		{29A6CD8A-27BE-45B2-88E3-67FF3B7F03B9}.Release|Any CPU.Build.0 = Release|Any CPU
		{588870FF-1117-4DD7-AF92-E5EB653F93BF}.Debug|Any CPU.ActiveCfg = Debug|Any CPU
		{588870FF-1117-4DD7-AF92-E5EB653F93BF}.Debug|Any CPU.Build.0 = Debug|Any CPU
		{588870FF-1117-4DD7-AF92-E5EB653F93BF}.Release|Any CPU.ActiveCfg = Release|Any CPU
		{588870FF-1117-4DD7-AF92-E5EB653F93BF}.Release|Any CPU.Build.0 = Release|Any CPU
		{CF48750D-7FC6-4271-BE14-6F34F0B966EE}.Debug|Any CPU.ActiveCfg = Debug|Any CPU
		{CF48750D-7FC6-4271-BE14-6F34F0B966EE}.Debug|Any CPU.Build.0 = Debug|Any CPU
		{CF48750D-7FC6-4271-BE14-6F34F0B966EE}.Release|Any CPU.ActiveCfg = Release|Any CPU
		{CF48750D-7FC6-4271-BE14-6F34F0B966EE}.Release|Any CPU.Build.0 = Release|Any CPU
		{90A542CD-1F99-4F3A-9052-496546349799}.Debug|Any CPU.ActiveCfg = Debug|Any CPU
		{90A542CD-1F99-4F3A-9052-496546349799}.Debug|Any CPU.Build.0 = Debug|Any CPU
		{90A542CD-1F99-4F3A-9052-496546349799}.Release|Any CPU.ActiveCfg = Release|Any CPU
		{90A542CD-1F99-4F3A-9052-496546349799}.Release|Any CPU.Build.0 = Release|Any CPU
		{EA04E750-1BC4-475D-A801-EA03DB3E9291}.Debug|Any CPU.ActiveCfg = Debug|Any CPU
		{EA04E750-1BC4-475D-A801-EA03DB3E9291}.Debug|Any CPU.Build.0 = Debug|Any CPU
		{EA04E750-1BC4-475D-A801-EA03DB3E9291}.Release|Any CPU.ActiveCfg = Release|Any CPU
		{EA04E750-1BC4-475D-A801-EA03DB3E9291}.Release|Any CPU.Build.0 = Release|Any CPU
		{D58D7907-DDC8-4B40-A0F0-D20FAFD96434}.Debug|Any CPU.ActiveCfg = Debug|Any CPU
		{D58D7907-DDC8-4B40-A0F0-D20FAFD96434}.Debug|Any CPU.Build.0 = Debug|Any CPU
		{D58D7907-DDC8-4B40-A0F0-D20FAFD96434}.Release|Any CPU.ActiveCfg = Release|Any CPU
		{D58D7907-DDC8-4B40-A0F0-D20FAFD96434}.Release|Any CPU.Build.0 = Release|Any CPU
		{DBE61B8F-EA9F-4726-8E04-9893F49D4B79}.Debug|Any CPU.ActiveCfg = Debug|Any CPU
		{DBE61B8F-EA9F-4726-8E04-9893F49D4B79}.Debug|Any CPU.Build.0 = Debug|Any CPU
		{DBE61B8F-EA9F-4726-8E04-9893F49D4B79}.Release|Any CPU.ActiveCfg = Release|Any CPU
		{DBE61B8F-EA9F-4726-8E04-9893F49D4B79}.Release|Any CPU.Build.0 = Release|Any CPU
		{08E103B7-8FDB-4ACF-9881-DF90BA707912}.Debug|Any CPU.ActiveCfg = Debug|Any CPU
		{08E103B7-8FDB-4ACF-9881-DF90BA707912}.Debug|Any CPU.Build.0 = Debug|Any CPU
		{08E103B7-8FDB-4ACF-9881-DF90BA707912}.Release|Any CPU.ActiveCfg = Release|Any CPU
		{08E103B7-8FDB-4ACF-9881-DF90BA707912}.Release|Any CPU.Build.0 = Release|Any CPU
		{D9835B06-601B-49DA-9FBB-38B26F5D4DB4}.Debug|Any CPU.ActiveCfg = Debug|Any CPU
		{D9835B06-601B-49DA-9FBB-38B26F5D4DB4}.Debug|Any CPU.Build.0 = Debug|Any CPU
		{D9835B06-601B-49DA-9FBB-38B26F5D4DB4}.Release|Any CPU.ActiveCfg = Release|Any CPU
		{D9835B06-601B-49DA-9FBB-38B26F5D4DB4}.Release|Any CPU.Build.0 = Release|Any CPU
	EndGlobalSection
	GlobalSection(SolutionProperties) = preSolution
		HideSolutionNode = FALSE
	EndGlobalSection
	GlobalSection(NestedProjects) = preSolution
		{29A6CD8A-27BE-45B2-88E3-67FF3B7F03B9} = {EB7831ED-4B37-4AD9-8FA4-ACD40A5DDD70}
		{588870FF-1117-4DD7-AF92-E5EB653F93BF} = {FCBF3BC4-699E-4373-B5CB-AFE9770551DF}
		{CF48750D-7FC6-4271-BE14-6F34F0B966EE} = {740A2292-86D3-4701-BC40-313EA2371194}
		{90A542CD-1F99-4F3A-9052-496546349799} = {8C6127FB-C718-4510-9FE4-D948E3DAB22B}
		{EA04E750-1BC4-475D-A801-EA03DB3E9291} = {8C6127FB-C718-4510-9FE4-D948E3DAB22B}
		{D58D7907-DDC8-4B40-A0F0-D20FAFD96434} = {EB7831ED-4B37-4AD9-8FA4-ACD40A5DDD70}
		{DBE61B8F-EA9F-4726-8E04-9893F49D4B79} = {8C6127FB-C718-4510-9FE4-D948E3DAB22B}
		{08E103B7-8FDB-4ACF-9881-DF90BA707912} = {740A2292-86D3-4701-BC40-313EA2371194}
		{D9835B06-601B-49DA-9FBB-38B26F5D4DB4} = {8C6127FB-C718-4510-9FE4-D948E3DAB22B}
	EndGlobalSection
	GlobalSection(ExtensibilityGlobals) = postSolution
		SolutionGuid = {BDC1518A-65D0-459B-BB69-11EA45BDBC1A}
	EndGlobalSection
EndGlobal
